PODS:
  - Gifu (3.0.0)
  - PhotoEditor (0.8.1):
    - PhotoEditor/Core (= 0.8.1)
  - PhotoEditor/Core (0.8.1):
    - Gifu
    - PromiseKit
  - PromiseKit (6.2.4):
    - PromiseKit/CorePromise (= 6.2.4)
    - PromiseKit/Foundation (= 6.2.4)
    - PromiseKit/UIKit (= 6.2.4)
  - PromiseKit/CorePromise (6.2.4)
  - PromiseKit/Foundation (6.2.4):
    - PromiseKit/CorePromise
  - PromiseKit/UIKit (6.2.4):
    - PromiseKit/CorePromise

DEPENDENCIES:
  - PhotoEditor (from `https://github.com/goreste/photo-editor.git`, tag `0.8.1`)

EXTERNAL SOURCES:
  PhotoEditor:
    :git: https://github.com/goreste/photo-editor.git
    :tag: 0.8.1

CHECKOUT OPTIONS:
  PhotoEditor:
    :git: https://github.com/goreste/photo-editor.git
    :tag: 0.8.1

SPEC CHECKSUMS:
  Gifu: 6543ca2056a3d697097c09fe543ef49348ccc892
  PhotoEditor: e70ae0ffc15eb22fb3c0e1bf6e77172cecf939a3
  PromiseKit: 625b1fc69944fc839503748101c5968cf54b527b

PODFILE CHECKSUM: 28e8061984b41dbea8d03b303f226ae3347604c5

COCOAPODS: 1.3.1
