PODS:
  - Gifu (3.0.0)
  - PhotoEditor (0.8):
    - PhotoEditor/Core (= 0.8)
  - PhotoEditor/Core (0.8):
    - Gifu
    - PromiseKit
  - PromiseKit (6.2.4):
    - PromiseKit/CorePromise (= 6.2.4)
    - PromiseKit/Foundation (= 6.2.4)
    - PromiseKit/UIKit (= 6.2.4)
  - PromiseKit/CorePromise (6.2.4)
  - PromiseKit/Foundation (6.2.4):
    - PromiseKit/CorePromise
  - PromiseKit/UIKit (6.2.4):
    - PromiseKit/CorePromise

DEPENDENCIES:
  - PhotoEditor (from `https://github.com/goreste/photo-editor.git`, tag `0.8`)

EXTERNAL SOURCES:
  PhotoEditor:
    :git: https://github.com/goreste/photo-editor.git
    :tag: 0.8

CHECKOUT OPTIONS:
  PhotoEditor:
    :git: https://github.com/goreste/photo-editor.git
    :tag: 0.8

SPEC CHECKSUMS:
  Gifu: 6543ca2056a3d697097c09fe543ef49348ccc892
  PhotoEditor: 7b1ef9d45ae98ed4d636df6f913b79a5f80422e6
  PromiseKit: 625b1fc69944fc839503748101c5968cf54b527b

PODFILE CHECKSUM: 7b5a3d448997c581e716c32a12e73c816e96ec05

COCOAPODS: 1.3.1
