PODS:
  - Gifu (3.0.0)
  - PhotoEditor (0.8.4):
    - PhotoEditor/Core (= 0.8.4)
  - PhotoEditor/Core (0.8.4):
    - Gifu
    - PromiseKit
  - PromiseKit (6.2.4):
    - PromiseKit/CorePromise (= 6.2.4)
    - PromiseKit/Foundation (= 6.2.4)
    - PromiseKit/UIKit (= 6.2.4)
  - PromiseKit/CorePromise (6.2.4)
  - PromiseKit/Foundation (6.2.4):
    - PromiseKit/CorePromise
  - PromiseKit/UIKit (6.2.4):
    - PromiseKit/CorePromise

DEPENDENCIES:
  - PhotoEditor (from `https://github.com/goreste/photo-editor.git`, tag `0.8.4`)

EXTERNAL SOURCES:
  PhotoEditor:
    :git: https://github.com/goreste/photo-editor.git
    :tag: 0.8.4

CHECKOUT OPTIONS:
  PhotoEditor:
    :git: https://github.com/goreste/photo-editor.git
    :tag: 0.8.4

SPEC CHECKSUMS:
  Gifu: 6543ca2056a3d697097c09fe543ef49348ccc892
  PhotoEditor: 060d516b194aeeb1a3a614d8b310caf601435a08
  PromiseKit: 625b1fc69944fc839503748101c5968cf54b527b

PODFILE CHECKSUM: ebc5f4f329d110370af2f9911b6b55e21fe099d8

COCOAPODS: 1.3.1
