// !$*UTF8*$!
{
	archiveVersion = 1;
	classes = {
	};
	objectVersion = 46;
	objects = {

/* Begin PBXBuildFile section */
		8733A7812077B3AB00800C50 /* PhotoCropEditorBorder.png in Resources */ = {isa = PBXBuildFile; fileRef = 8733A7572077B3A800800C50 /* PhotoCropEditorBorder.png */; };
		8733A7822077B3AB00800C50 /* GifCollectionViewCell.swift in Sources */ = {isa = PBXBuildFile; fileRef = 8733A7582077B3A800800C50 /* GifCollectionViewCell.swift */; };
		8733A7832077B3AB00800C50 /* PhotoEditor+Gestures.swift in Sources */ = {isa = PBXBuildFile; fileRef = 8733A7592077B3A800800C50 /* PhotoEditor+Gestures.swift */; };
		8733A7842077B3AB00800C50 /* PhotoCropEditorBorder@3x.png in Resources */ = {isa = PBXBuildFile; fileRef = 8733A75A2077B3A800800C50 /* PhotoCropEditorBorder@3x.png */; };
		8733A7852077B3AB00800C50 /* PhotoEditorViewController.xib in Resources */ = {isa = PBXBuildFile; fileRef = 8733A75B2077B3A800800C50 /* PhotoEditorViewController.xib */; };
		8733A7862077B3AB00800C50 /* Protocols.swift in Sources */ = {isa = PBXBuildFile; fileRef = 8733A75C2077B3A800800C50 /* Protocols.swift */; };
		8733A7872077B3AB00800C50 /* StickerCollectionViewCell.xib in Resources */ = {isa = PBXBuildFile; fileRef = 8733A75D2077B3A800800C50 /* StickerCollectionViewCell.xib */; };
		8733A7882077B3AB00800C50 /* GradientView.swift in Sources */ = {isa = PBXBuildFile; fileRef = 8733A75E2077B3A800800C50 /* GradientView.swift */; };
		8733A7892077B3AB00800C50 /* GifCollectionViewCell.xib in Resources */ = {isa = PBXBuildFile; fileRef = 8733A75F2077B3A800800C50 /* GifCollectionViewCell.xib */; };
		8733A78A2077B3AB00800C50 /* EmojiCollectionViewCell.swift in Sources */ = {isa = PBXBuildFile; fileRef = 8733A7602077B3A800800C50 /* EmojiCollectionViewCell.swift */; };
		8733A78B2077B3AB00800C50 /* UIImage+Crop.swift in Sources */ = {isa = PBXBuildFile; fileRef = 8733A7612077B3A800800C50 /* UIImage+Crop.swift */; };
		8733A78C2077B3AB00800C50 /* Gif2Mp4.swift in Sources */ = {isa = PBXBuildFile; fileRef = 8733A7622077B3A800800C50 /* Gif2Mp4.swift */; };
		8733A78D2077B3AB00800C50 /* UIImage+Size.swift in Sources */ = {isa = PBXBuildFile; fileRef = 8733A7632077B3A800800C50 /* UIImage+Size.swift */; };
		8733A78E2077B3AB00800C50 /* ImageUtil.swift in Sources */ = {isa = PBXBuildFile; fileRef = 8733A7642077B3A800800C50 /* ImageUtil.swift */; };
		8733A78F2077B3AB00800C50 /* EmojiCollectionViewCell.xib in Resources */ = {isa = PBXBuildFile; fileRef = 8733A7652077B3A800800C50 /* EmojiCollectionViewCell.xib */; };
		8733A7902077B3AB00800C50 /* PhotoEditorViewController.swift in Sources */ = {isa = PBXBuildFile; fileRef = 8733A7662077B3A800800C50 /* PhotoEditorViewController.swift */; };
		8733A7912077B3AB00800C50 /* PhotoEditor+Controls.swift in Sources */ = {isa = PBXBuildFile; fileRef = 8733A7672077B3A800800C50 /* PhotoEditor+Controls.swift */; };
		8733A7922077B3AB00800C50 /* PhotoEditor+Crop.swift in Sources */ = {isa = PBXBuildFile; fileRef = 8733A7682077B3A800800C50 /* PhotoEditor+Crop.swift */; };
		8733A7932077B3AB00800C50 /* PhotoEditorViewModel.swift in Sources */ = {isa = PBXBuildFile; fileRef = 8733A7692077B3A900800C50 /* PhotoEditorViewModel.swift */; };
		8733A7942077B3AB00800C50 /* VideoExporter.swift in Sources */ = {isa = PBXBuildFile; fileRef = 8733A76A2077B3A900800C50 /* VideoExporter.swift */; };
		8733A7952077B3AB00800C50 /* ColorsCollectionViewDelegate.swift in Sources */ = {isa = PBXBuildFile; fileRef = 8733A76B2077B3A900800C50 /* ColorsCollectionViewDelegate.swift */; };
		8733A7962077B3AB00800C50 /* GifExporter.swift in Sources */ = {isa = PBXBuildFile; fileRef = 8733A76C2077B3A900800C50 /* GifExporter.swift */; };
		8733A7972077B3AB00800C50 /* UIView+Image.swift in Sources */ = {isa = PBXBuildFile; fileRef = 8733A76D2077B3A900800C50 /* UIView+Image.swift */; };
		8733A7982077B3AB00800C50 /* CropViewController.swift in Sources */ = {isa = PBXBuildFile; fileRef = 8733A76E2077B3A900800C50 /* CropViewController.swift */; };
		8733A7992077B3AB00800C50 /* PhotoEditor+Font.swift in Sources */ = {isa = PBXBuildFile; fileRef = 8733A76F2077B3A900800C50 /* PhotoEditor+Font.swift */; };
		8733A79A2077B3AB00800C50 /* PhotoEditor+Keyboard.swift in Sources */ = {isa = PBXBuildFile; fileRef = 8733A7702077B3A900800C50 /* PhotoEditor+Keyboard.swift */; };
		8733A79B2077B3AB00800C50 /* EmojisCollectionViewDelegate.swift in Sources */ = {isa = PBXBuildFile; fileRef = 8733A7712077B3A900800C50 /* EmojisCollectionViewDelegate.swift */; };
		8733A79C2077B3AB00800C50 /* StickersViewController.swift in Sources */ = {isa = PBXBuildFile; fileRef = 8733A7722077B3A900800C50 /* StickersViewController.swift */; };
		8733A79D2077B3AB00800C50 /* CropRectView.swift in Sources */ = {isa = PBXBuildFile; fileRef = 8733A7732077B3A900800C50 /* CropRectView.swift */; };
		8733A79E2077B3AB00800C50 /* PhotoEditor+StickersViewController.swift in Sources */ = {isa = PBXBuildFile; fileRef = 8733A7742077B3A900800C50 /* PhotoEditor+StickersViewController.swift */; };
		8733A79F2077B3AB00800C50 /* icomoon.ttf in Resources */ = {isa = PBXBuildFile; fileRef = 8733A7752077B3AA00800C50 /* icomoon.ttf */; };
		8733A7A02077B3AB00800C50 /* PhotoEditor+UITextView.swift in Sources */ = {isa = PBXBuildFile; fileRef = 8733A7762077B3AA00800C50 /* PhotoEditor+UITextView.swift */; };
		8733A7A12077B3AB00800C50 /* PhotoEditor+Drawing.swift in Sources */ = {isa = PBXBuildFile; fileRef = 8733A7772077B3AA00800C50 /* PhotoEditor+Drawing.swift */; };
		8733A7A22077B3AB00800C50 /* ResizeControl.swift in Sources */ = {isa = PBXBuildFile; fileRef = 8733A7782077B3AA00800C50 /* ResizeControl.swift */; };
		8733A7A32077B3AB00800C50 /* StickerCollectionViewCell.swift in Sources */ = {isa = PBXBuildFile; fileRef = 8733A7792077B3AA00800C50 /* StickerCollectionViewCell.swift */; };
		8733A7A42077B3AB00800C50 /* StickersViewController.xib in Resources */ = {isa = PBXBuildFile; fileRef = 8733A77A2077B3AA00800C50 /* StickersViewController.xib */; };
		8733A7A52077B3AB00800C50 /* PhotoCropEditorBorder@2x.png in Resources */ = {isa = PBXBuildFile; fileRef = 8733A77B2077B3AA00800C50 /* PhotoCropEditorBorder@2x.png */; };
		8733A7A62077B3AB00800C50 /* GifCollectionViewDelegate.swift in Sources */ = {isa = PBXBuildFile; fileRef = 8733A77C2077B3AB00800C50 /* GifCollectionViewDelegate.swift */; };
		8733A7A72077B3AB00800C50 /* ColorCollectionViewCell.xib in Resources */ = {isa = PBXBuildFile; fileRef = 8733A77D2077B3AB00800C50 /* ColorCollectionViewCell.xib */; };
		8733A7A82077B3AB00800C50 /* ColorCollectionViewCell.swift in Sources */ = {isa = PBXBuildFile; fileRef = 8733A77E2077B3AB00800C50 /* ColorCollectionViewCell.swift */; };
		8733A7A92077B3AB00800C50 /* CropView.swift in Sources */ = {isa = PBXBuildFile; fileRef = 8733A77F2077B3AB00800C50 /* CropView.swift */; };
		8733A7AA2077B3AB00800C50 /* UIImageView+Alpha.swift in Sources */ = {isa = PBXBuildFile; fileRef = 8733A7802077B3AB00800C50 /* UIImageView+Alpha.swift */; };
/* End PBXBuildFile section */

/* Begin PBXFileReference section */
		059EA7191EACB8790072C0FE /* Photo Editor.app */ = {isa = PBXFileReference; explicitFileType = wrapper.application; includeInIndex = 0; path = "Photo Editor.app"; sourceTree = BUILT_PRODUCTS_DIR; };
		8733A7572077B3A800800C50 /* PhotoCropEditorBorder.png */ = {isa = PBXFileReference; lastKnownFileType = image.png; path = PhotoCropEditorBorder.png; sourceTree = "<group>"; };
		8733A7582077B3A800800C50 /* GifCollectionViewCell.swift */ = {isa = PBXFileReference; fileEncoding = 4; lastKnownFileType = sourcecode.swift; path = GifCollectionViewCell.swift; sourceTree = "<group>"; };
		8733A7592077B3A800800C50 /* PhotoEditor+Gestures.swift */ = {isa = PBXFileReference; fileEncoding = 4; lastKnownFileType = sourcecode.swift; path = "PhotoEditor+Gestures.swift"; sourceTree = "<group>"; };
		8733A75A2077B3A800800C50 /* PhotoCropEditorBorder@3x.png */ = {isa = PBXFileReference; lastKnownFileType = image.png; path = "PhotoCropEditorBorder@3x.png"; sourceTree = "<group>"; };
		8733A75B2077B3A800800C50 /* PhotoEditorViewController.xib */ = {isa = PBXFileReference; fileEncoding = 4; lastKnownFileType = file.xib; path = PhotoEditorViewController.xib; sourceTree = "<group>"; };
		8733A75C2077B3A800800C50 /* Protocols.swift */ = {isa = PBXFileReference; fileEncoding = 4; lastKnownFileType = sourcecode.swift; path = Protocols.swift; sourceTree = "<group>"; };
		8733A75D2077B3A800800C50 /* StickerCollectionViewCell.xib */ = {isa = PBXFileReference; fileEncoding = 4; lastKnownFileType = file.xib; path = StickerCollectionViewCell.xib; sourceTree = "<group>"; };
		8733A75E2077B3A800800C50 /* GradientView.swift */ = {isa = PBXFileReference; fileEncoding = 4; lastKnownFileType = sourcecode.swift; path = GradientView.swift; sourceTree = "<group>"; };
		8733A75F2077B3A800800C50 /* GifCollectionViewCell.xib */ = {isa = PBXFileReference; fileEncoding = 4; lastKnownFileType = file.xib; path = GifCollectionViewCell.xib; sourceTree = "<group>"; };
		8733A7602077B3A800800C50 /* EmojiCollectionViewCell.swift */ = {isa = PBXFileReference; fileEncoding = 4; lastKnownFileType = sourcecode.swift; path = EmojiCollectionViewCell.swift; sourceTree = "<group>"; };
		8733A7612077B3A800800C50 /* UIImage+Crop.swift */ = {isa = PBXFileReference; fileEncoding = 4; lastKnownFileType = sourcecode.swift; path = "UIImage+Crop.swift"; sourceTree = "<group>"; };
		8733A7622077B3A800800C50 /* Gif2Mp4.swift */ = {isa = PBXFileReference; fileEncoding = 4; lastKnownFileType = sourcecode.swift; path = Gif2Mp4.swift; sourceTree = "<group>"; };
		8733A7632077B3A800800C50 /* UIImage+Size.swift */ = {isa = PBXFileReference; fileEncoding = 4; lastKnownFileType = sourcecode.swift; path = "UIImage+Size.swift"; sourceTree = "<group>"; };
		8733A7642077B3A800800C50 /* ImageUtil.swift */ = {isa = PBXFileReference; fileEncoding = 4; lastKnownFileType = sourcecode.swift; path = ImageUtil.swift; sourceTree = "<group>"; };
		8733A7652077B3A800800C50 /* EmojiCollectionViewCell.xib */ = {isa = PBXFileReference; fileEncoding = 4; lastKnownFileType = file.xib; path = EmojiCollectionViewCell.xib; sourceTree = "<group>"; };
		8733A7662077B3A800800C50 /* PhotoEditorViewController.swift */ = {isa = PBXFileReference; fileEncoding = 4; lastKnownFileType = sourcecode.swift; path = PhotoEditorViewController.swift; sourceTree = "<group>"; };
		8733A7672077B3A800800C50 /* PhotoEditor+Controls.swift */ = {isa = PBXFileReference; fileEncoding = 4; lastKnownFileType = sourcecode.swift; path = "PhotoEditor+Controls.swift"; sourceTree = "<group>"; };
		8733A7682077B3A800800C50 /* PhotoEditor+Crop.swift */ = {isa = PBXFileReference; fileEncoding = 4; lastKnownFileType = sourcecode.swift; path = "PhotoEditor+Crop.swift"; sourceTree = "<group>"; };
		8733A7692077B3A900800C50 /* PhotoEditorViewModel.swift */ = {isa = PBXFileReference; fileEncoding = 4; lastKnownFileType = sourcecode.swift; path = PhotoEditorViewModel.swift; sourceTree = "<group>"; };
		8733A76A2077B3A900800C50 /* VideoExporter.swift */ = {isa = PBXFileReference; fileEncoding = 4; lastKnownFileType = sourcecode.swift; path = VideoExporter.swift; sourceTree = "<group>"; };
		8733A76B2077B3A900800C50 /* ColorsCollectionViewDelegate.swift */ = {isa = PBXFileReference; fileEncoding = 4; lastKnownFileType = sourcecode.swift; path = ColorsCollectionViewDelegate.swift; sourceTree = "<group>"; };
		8733A76C2077B3A900800C50 /* GifExporter.swift */ = {isa = PBXFileReference; fileEncoding = 4; lastKnownFileType = sourcecode.swift; path = GifExporter.swift; sourceTree = "<group>"; };
		8733A76D2077B3A900800C50 /* UIView+Image.swift */ = {isa = PBXFileReference; fileEncoding = 4; lastKnownFileType = sourcecode.swift; path = "UIView+Image.swift"; sourceTree = "<group>"; };
		8733A76E2077B3A900800C50 /* CropViewController.swift */ = {isa = PBXFileReference; fileEncoding = 4; lastKnownFileType = sourcecode.swift; path = CropViewController.swift; sourceTree = "<group>"; };
		8733A76F2077B3A900800C50 /* PhotoEditor+Font.swift */ = {isa = PBXFileReference; fileEncoding = 4; lastKnownFileType = sourcecode.swift; path = "PhotoEditor+Font.swift"; sourceTree = "<group>"; };
		8733A7702077B3A900800C50 /* PhotoEditor+Keyboard.swift */ = {isa = PBXFileReference; fileEncoding = 4; lastKnownFileType = sourcecode.swift; path = "PhotoEditor+Keyboard.swift"; sourceTree = "<group>"; };
		8733A7712077B3A900800C50 /* EmojisCollectionViewDelegate.swift */ = {isa = PBXFileReference; fileEncoding = 4; lastKnownFileType = sourcecode.swift; path = EmojisCollectionViewDelegate.swift; sourceTree = "<group>"; };
		8733A7722077B3A900800C50 /* StickersViewController.swift */ = {isa = PBXFileReference; fileEncoding = 4; lastKnownFileType = sourcecode.swift; path = StickersViewController.swift; sourceTree = "<group>"; };
		8733A7732077B3A900800C50 /* CropRectView.swift */ = {isa = PBXFileReference; fileEncoding = 4; lastKnownFileType = sourcecode.swift; path = CropRectView.swift; sourceTree = "<group>"; };
		8733A7742077B3A900800C50 /* PhotoEditor+StickersViewController.swift */ = {isa = PBXFileReference; fileEncoding = 4; lastKnownFileType = sourcecode.swift; path = "PhotoEditor+StickersViewController.swift"; sourceTree = "<group>"; };
		8733A7752077B3AA00800C50 /* icomoon.ttf */ = {isa = PBXFileReference; lastKnownFileType = file; path = icomoon.ttf; sourceTree = "<group>"; };
		8733A7762077B3AA00800C50 /* PhotoEditor+UITextView.swift */ = {isa = PBXFileReference; fileEncoding = 4; lastKnownFileType = sourcecode.swift; path = "PhotoEditor+UITextView.swift"; sourceTree = "<group>"; };
		8733A7772077B3AA00800C50 /* PhotoEditor+Drawing.swift */ = {isa = PBXFileReference; fileEncoding = 4; lastKnownFileType = sourcecode.swift; path = "PhotoEditor+Drawing.swift"; sourceTree = "<group>"; };
		8733A7782077B3AA00800C50 /* ResizeControl.swift */ = {isa = PBXFileReference; fileEncoding = 4; lastKnownFileType = sourcecode.swift; path = ResizeControl.swift; sourceTree = "<group>"; };
		8733A7792077B3AA00800C50 /* StickerCollectionViewCell.swift */ = {isa = PBXFileReference; fileEncoding = 4; lastKnownFileType = sourcecode.swift; path = StickerCollectionViewCell.swift; sourceTree = "<group>"; };
		8733A77A2077B3AA00800C50 /* StickersViewController.xib */ = {isa = PBXFileReference; fileEncoding = 4; lastKnownFileType = file.xib; path = StickersViewController.xib; sourceTree = "<group>"; };
		8733A77B2077B3AA00800C50 /* PhotoCropEditorBorder@2x.png */ = {isa = PBXFileReference; lastKnownFileType = image.png; path = "PhotoCropEditorBorder@2x.png"; sourceTree = "<group>"; };
		8733A77C2077B3AB00800C50 /* GifCollectionViewDelegate.swift */ = {isa = PBXFileReference; fileEncoding = 4; lastKnownFileType = sourcecode.swift; path = GifCollectionViewDelegate.swift; sourceTree = "<group>"; };
		8733A77D2077B3AB00800C50 /* ColorCollectionViewCell.xib */ = {isa = PBXFileReference; fileEncoding = 4; lastKnownFileType = file.xib; path = ColorCollectionViewCell.xib; sourceTree = "<group>"; };
		8733A77E2077B3AB00800C50 /* ColorCollectionViewCell.swift */ = {isa = PBXFileReference; fileEncoding = 4; lastKnownFileType = sourcecode.swift; path = ColorCollectionViewCell.swift; sourceTree = "<group>"; };
		8733A77F2077B3AB00800C50 /* CropView.swift */ = {isa = PBXFileReference; fileEncoding = 4; lastKnownFileType = sourcecode.swift; path = CropView.swift; sourceTree = "<group>"; };
		8733A7802077B3AB00800C50 /* UIImageView+Alpha.swift */ = {isa = PBXFileReference; fileEncoding = 4; lastKnownFileType = sourcecode.swift; path = "UIImageView+Alpha.swift"; sourceTree = "<group>"; };
/* End PBXFileReference section */

/* Begin PBXFrameworksBuildPhase section */
		059EA7161EACB8790072C0FE /* Frameworks */ = {
			isa = PBXFrameworksBuildPhase;
			buildActionMask = 2147483647;
			files = (
			);
			runOnlyForDeploymentPostprocessing = 0;
		};
/* End PBXFrameworksBuildPhase section */

/* Begin PBXGroup section */
		059EA7101EACB8780072C0FE = {
			isa = PBXGroup;
			children = (
				8756ED3C2077A9080038C0E1 /* PhotoEditor */,
				059EA71A1EACB8790072C0FE /* Products */,
			);
			sourceTree = "<group>";
		};
		059EA71A1EACB8790072C0FE /* Products */ = {
			isa = PBXGroup;
			children = (
				059EA7191EACB8790072C0FE /* Photo Editor.app */,
			);
			name = Products;
			sourceTree = "<group>";
		};
		8756ED3C2077A9080038C0E1 /* PhotoEditor */ = {
			isa = PBXGroup;
			children = (
				8733A77E2077B3AB00800C50 /* ColorCollectionViewCell.swift */,
				8733A77D2077B3AB00800C50 /* ColorCollectionViewCell.xib */,
				8733A76B2077B3A900800C50 /* ColorsCollectionViewDelegate.swift */,
				8733A7732077B3A900800C50 /* CropRectView.swift */,
				8733A77F2077B3AB00800C50 /* CropView.swift */,
				8733A76E2077B3A900800C50 /* CropViewController.swift */,
				8733A7602077B3A800800C50 /* EmojiCollectionViewCell.swift */,
				8733A7652077B3A800800C50 /* EmojiCollectionViewCell.xib */,
				8733A7712077B3A900800C50 /* EmojisCollectionViewDelegate.swift */,
				8733A7622077B3A800800C50 /* Gif2Mp4.swift */,
				8733A7582077B3A800800C50 /* GifCollectionViewCell.swift */,
				8733A75F2077B3A800800C50 /* GifCollectionViewCell.xib */,
				8733A77C2077B3AB00800C50 /* GifCollectionViewDelegate.swift */,
				8733A76C2077B3A900800C50 /* GifExporter.swift */,
				8733A75E2077B3A800800C50 /* GradientView.swift */,
				8733A7752077B3AA00800C50 /* icomoon.ttf */,
				8733A7642077B3A800800C50 /* ImageUtil.swift */,
				8733A7572077B3A800800C50 /* PhotoCropEditorBorder.png */,
				8733A77B2077B3AA00800C50 /* PhotoCropEditorBorder@2x.png */,
				8733A75A2077B3A800800C50 /* PhotoCropEditorBorder@3x.png */,
				8733A7672077B3A800800C50 /* PhotoEditor+Controls.swift */,
				8733A7682077B3A800800C50 /* PhotoEditor+Crop.swift */,
				8733A7772077B3AA00800C50 /* PhotoEditor+Drawing.swift */,
				8733A76F2077B3A900800C50 /* PhotoEditor+Font.swift */,
				8733A7592077B3A800800C50 /* PhotoEditor+Gestures.swift */,
				8733A7702077B3A900800C50 /* PhotoEditor+Keyboard.swift */,
				8733A7742077B3A900800C50 /* PhotoEditor+StickersViewController.swift */,
				8733A7762077B3AA00800C50 /* PhotoEditor+UITextView.swift */,
				8733A7662077B3A800800C50 /* PhotoEditorViewController.swift */,
				8733A75B2077B3A800800C50 /* PhotoEditorViewController.xib */,
				8733A7692077B3A900800C50 /* PhotoEditorViewModel.swift */,
				8733A75C2077B3A800800C50 /* Protocols.swift */,
				8733A7782077B3AA00800C50 /* ResizeControl.swift */,
				8733A7792077B3AA00800C50 /* StickerCollectionViewCell.swift */,
				8733A75D2077B3A800800C50 /* StickerCollectionViewCell.xib */,
				8733A7722077B3A900800C50 /* StickersViewController.swift */,
				8733A77A2077B3AA00800C50 /* StickersViewController.xib */,
				8733A7612077B3A800800C50 /* UIImage+Crop.swift */,
				8733A7632077B3A800800C50 /* UIImage+Size.swift */,
				8733A7802077B3AB00800C50 /* UIImageView+Alpha.swift */,
				8733A76D2077B3A900800C50 /* UIView+Image.swift */,
				8733A76A2077B3A900800C50 /* VideoExporter.swift */,
			);
			path = PhotoEditor;
			sourceTree = "<group>";
		};
/* End PBXGroup section */

/* Begin PBXNativeTarget section */
		059EA7181EACB8790072C0FE /* Photo Editor */ = {
			isa = PBXNativeTarget;
			buildConfigurationList = 059EA72B1EACB8790072C0FE /* Build configuration list for PBXNativeTarget "Photo Editor" */;
			buildPhases = (
				059EA7151EACB8790072C0FE /* Sources */,
				059EA7161EACB8790072C0FE /* Frameworks */,
				059EA7171EACB8790072C0FE /* Resources */,
			);
			buildRules = (
			);
			dependencies = (
			);
			name = "Photo Editor";
			productName = "Photo Editor";
			productReference = 059EA7191EACB8790072C0FE /* Photo Editor.app */;
			productType = "com.apple.product-type.application";
		};
/* End PBXNativeTarget section */

/* Begin PBXProject section */
		059EA7111EACB8780072C0FE /* Project object */ = {
			isa = PBXProject;
			attributes = {
				LastSwiftUpdateCheck = 0830;
				LastUpgradeCheck = 0830;
				ORGANIZATIONNAME = "Mohamed Hamed";
				TargetAttributes = {
					059EA7181EACB8790072C0FE = {
						CreatedOnToolsVersion = 8.3;
						LastSwiftMigration = 0930;
						ProvisioningStyle = Manual;
					};
				};
			};
			buildConfigurationList = 059EA7141EACB8780072C0FE /* Build configuration list for PBXProject "Photo Editor" */;
			compatibilityVersion = "Xcode 3.2";
			developmentRegion = English;
			hasScannedForEncodings = 0;
			knownRegions = (
				en,
				Base,
			);
			mainGroup = 059EA7101EACB8780072C0FE;
			productRefGroup = 059EA71A1EACB8790072C0FE /* Products */;
			projectDirPath = "";
			projectRoot = "";
			targets = (
				059EA7181EACB8790072C0FE /* Photo Editor */,
			);
		};
/* End PBXProject section */

/* Begin PBXResourcesBuildPhase section */
		059EA7171EACB8790072C0FE /* Resources */ = {
			isa = PBXResourcesBuildPhase;
			buildActionMask = 2147483647;
			files = (
				8733A7812077B3AB00800C50 /* PhotoCropEditorBorder.png in Resources */,
				8733A79F2077B3AB00800C50 /* icomoon.ttf in Resources */,
				8733A7A72077B3AB00800C50 /* ColorCollectionViewCell.xib in Resources */,
				8733A7A42077B3AB00800C50 /* StickersViewController.xib in Resources */,
				8733A7A52077B3AB00800C50 /* PhotoCropEditorBorder@2x.png in Resources */,
				8733A7842077B3AB00800C50 /* PhotoCropEditorBorder@3x.png in Resources */,
				8733A7872077B3AB00800C50 /* StickerCollectionViewCell.xib in Resources */,
				8733A78F2077B3AB00800C50 /* EmojiCollectionViewCell.xib in Resources */,
				8733A7852077B3AB00800C50 /* PhotoEditorViewController.xib in Resources */,
				8733A7892077B3AB00800C50 /* GifCollectionViewCell.xib in Resources */,
			);
			runOnlyForDeploymentPostprocessing = 0;
		};
/* End PBXResourcesBuildPhase section */

/* Begin PBXSourcesBuildPhase section */
		059EA7151EACB8790072C0FE /* Sources */ = {
			isa = PBXSourcesBuildPhase;
			buildActionMask = 2147483647;
			files = (
				8733A7A82077B3AB00800C50 /* ColorCollectionViewCell.swift in Sources */,
				8733A7942077B3AB00800C50 /* VideoExporter.swift in Sources */,
				8733A7952077B3AB00800C50 /* ColorsCollectionViewDelegate.swift in Sources */,
				8733A7A32077B3AB00800C50 /* StickerCollectionViewCell.swift in Sources */,
				8733A79A2077B3AB00800C50 /* PhotoEditor+Keyboard.swift in Sources */,
				8733A7A02077B3AB00800C50 /* PhotoEditor+UITextView.swift in Sources */,
				8733A78E2077B3AB00800C50 /* ImageUtil.swift in Sources */,
				8733A7862077B3AB00800C50 /* Protocols.swift in Sources */,
				8733A7972077B3AB00800C50 /* UIView+Image.swift in Sources */,
				8733A7912077B3AB00800C50 /* PhotoEditor+Controls.swift in Sources */,
				8733A7992077B3AB00800C50 /* PhotoEditor+Font.swift in Sources */,
				8733A7822077B3AB00800C50 /* GifCollectionViewCell.swift in Sources */,
				8733A78A2077B3AB00800C50 /* EmojiCollectionViewCell.swift in Sources */,
				8733A7982077B3AB00800C50 /* CropViewController.swift in Sources */,
				8733A7902077B3AB00800C50 /* PhotoEditorViewController.swift in Sources */,
				8733A7882077B3AB00800C50 /* GradientView.swift in Sources */,
				8733A78D2077B3AB00800C50 /* UIImage+Size.swift in Sources */,
				8733A79E2077B3AB00800C50 /* PhotoEditor+StickersViewController.swift in Sources */,
				8733A7A12077B3AB00800C50 /* PhotoEditor+Drawing.swift in Sources */,
				8733A7832077B3AB00800C50 /* PhotoEditor+Gestures.swift in Sources */,
				8733A79D2077B3AB00800C50 /* CropRectView.swift in Sources */,
				8733A7962077B3AB00800C50 /* GifExporter.swift in Sources */,
				8733A7932077B3AB00800C50 /* PhotoEditorViewModel.swift in Sources */,
				8733A7A62077B3AB00800C50 /* GifCollectionViewDelegate.swift in Sources */,
				8733A7A92077B3AB00800C50 /* CropView.swift in Sources */,
				8733A79B2077B3AB00800C50 /* EmojisCollectionViewDelegate.swift in Sources */,
				8733A79C2077B3AB00800C50 /* StickersViewController.swift in Sources */,
				8733A7922077B3AB00800C50 /* PhotoEditor+Crop.swift in Sources */,
				8733A78C2077B3AB00800C50 /* Gif2Mp4.swift in Sources */,
				8733A78B2077B3AB00800C50 /* UIImage+Crop.swift in Sources */,
				8733A7A22077B3AB00800C50 /* ResizeControl.swift in Sources */,
				8733A7AA2077B3AB00800C50 /* UIImageView+Alpha.swift in Sources */,
			);
			runOnlyForDeploymentPostprocessing = 0;
		};
/* End PBXSourcesBuildPhase section */

/* Begin XCBuildConfiguration section */
		059EA7291EACB8790072C0FE /* Debug */ = {
			isa = XCBuildConfiguration;
			buildSettings = {
				ALWAYS_SEARCH_USER_PATHS = NO;
				CLANG_ANALYZER_NONNULL = YES;
				CLANG_ANALYZER_NUMBER_OBJECT_CONVERSION = YES_AGGRESSIVE;
				CLANG_CXX_LANGUAGE_STANDARD = "gnu++0x";
				CLANG_CXX_LIBRARY = "libc++";
				CLANG_ENABLE_MODULES = YES;
				CLANG_ENABLE_OBJC_ARC = YES;
				CLANG_WARN_BOOL_CONVERSION = YES;
				CLANG_WARN_CONSTANT_CONVERSION = YES;
				CLANG_WARN_DIRECT_OBJC_ISA_USAGE = YES_ERROR;
				CLANG_WARN_DOCUMENTATION_COMMENTS = YES;
				CLANG_WARN_EMPTY_BODY = YES;
				CLANG_WARN_ENUM_CONVERSION = YES;
				CLANG_WARN_INFINITE_RECURSION = YES;
				CLANG_WARN_INT_CONVERSION = YES;
				CLANG_WARN_OBJC_ROOT_CLASS = YES_ERROR;
				CLANG_WARN_SUSPICIOUS_MOVE = YES;
				CLANG_WARN_UNREACHABLE_CODE = YES;
				CLANG_WARN__DUPLICATE_METHOD_MATCH = YES;
				"CODE_SIGN_IDENTITY[sdk=iphoneos*]" = "iPhone Developer";
				COPY_PHASE_STRIP = NO;
				DEBUG_INFORMATION_FORMAT = dwarf;
				ENABLE_STRICT_OBJC_MSGSEND = YES;
				ENABLE_TESTABILITY = YES;
				GCC_C_LANGUAGE_STANDARD = gnu99;
				GCC_DYNAMIC_NO_PIC = NO;
				GCC_NO_COMMON_BLOCKS = YES;
				GCC_OPTIMIZATION_LEVEL = 0;
				GCC_PREPROCESSOR_DEFINITIONS = (
					"DEBUG=1",
					"$(inherited)",
				);
				GCC_WARN_64_TO_32_BIT_CONVERSION = YES;
				GCC_WARN_ABOUT_RETURN_TYPE = YES_ERROR;
				GCC_WARN_UNDECLARED_SELECTOR = YES;
				GCC_WARN_UNINITIALIZED_AUTOS = YES_AGGRESSIVE;
				GCC_WARN_UNUSED_FUNCTION = YES;
				GCC_WARN_UNUSED_VARIABLE = YES;
				IPHONEOS_DEPLOYMENT_TARGET = 10.3;
				MTL_ENABLE_DEBUG_INFO = YES;
				ONLY_ACTIVE_ARCH = YES;
				SDKROOT = iphoneos;
				SWIFT_ACTIVE_COMPILATION_CONDITIONS = DEBUG;
				SWIFT_OPTIMIZATION_LEVEL = "-Onone";
				SWIFT_VERSION = 4.0;
			};
			name = Debug;
		};
		059EA72A1EACB8790072C0FE /* Release */ = {
			isa = XCBuildConfiguration;
			buildSettings = {
				ALWAYS_SEARCH_USER_PATHS = NO;
				CLANG_ANALYZER_NONNULL = YES;
				CLANG_ANALYZER_NUMBER_OBJECT_CONVERSION = YES_AGGRESSIVE;
				CLANG_CXX_LANGUAGE_STANDARD = "gnu++0x";
				CLANG_CXX_LIBRARY = "libc++";
				CLANG_ENABLE_MODULES = YES;
				CLANG_ENABLE_OBJC_ARC = YES;
				CLANG_WARN_BOOL_CONVERSION = YES;
				CLANG_WARN_CONSTANT_CONVERSION = YES;
				CLANG_WARN_DIRECT_OBJC_ISA_USAGE = YES_ERROR;
				CLANG_WARN_DOCUMENTATION_COMMENTS = YES;
				CLANG_WARN_EMPTY_BODY = YES;
				CLANG_WARN_ENUM_CONVERSION = YES;
				CLANG_WARN_INFINITE_RECURSION = YES;
				CLANG_WARN_INT_CONVERSION = YES;
				CLANG_WARN_OBJC_ROOT_CLASS = YES_ERROR;
				CLANG_WARN_SUSPICIOUS_MOVE = YES;
				CLANG_WARN_UNREACHABLE_CODE = YES;
				CLANG_WARN__DUPLICATE_METHOD_MATCH = YES;
				"CODE_SIGN_IDENTITY[sdk=iphoneos*]" = "iPhone Developer";
				COPY_PHASE_STRIP = NO;
				DEBUG_INFORMATION_FORMAT = "dwarf-with-dsym";
				ENABLE_NS_ASSERTIONS = NO;
				ENABLE_STRICT_OBJC_MSGSEND = YES;
				GCC_C_LANGUAGE_STANDARD = gnu99;
				GCC_NO_COMMON_BLOCKS = YES;
				GCC_WARN_64_TO_32_BIT_CONVERSION = YES;
				GCC_WARN_ABOUT_RETURN_TYPE = YES_ERROR;
				GCC_WARN_UNDECLARED_SELECTOR = YES;
				GCC_WARN_UNINITIALIZED_AUTOS = YES_AGGRESSIVE;
				GCC_WARN_UNUSED_FUNCTION = YES;
				GCC_WARN_UNUSED_VARIABLE = YES;
				IPHONEOS_DEPLOYMENT_TARGET = 10.3;
				MTL_ENABLE_DEBUG_INFO = NO;
				SDKROOT = iphoneos;
				SWIFT_OPTIMIZATION_LEVEL = "-Owholemodule";
				SWIFT_VERSION = 4.0;
				VALIDATE_PRODUCT = YES;
			};
			name = Release;
		};
		059EA72C1EACB8790072C0FE /* Debug */ = {
			isa = XCBuildConfiguration;
			buildSettings = {
				ASSETCATALOG_COMPILER_APPICON_NAME = AppIcon;
				CLANG_ENABLE_MODULES = YES;
				CODE_SIGN_STYLE = Manual;
				DEVELOPMENT_TEAM = "";
				INFOPLIST_FILE = "Photo Editor/Info.plist";
				IPHONEOS_DEPLOYMENT_TARGET = 9.0;
				LD_RUNPATH_SEARCH_PATHS = "$(inherited) @executable_path/Frameworks";
				PRODUCT_BUNDLE_IDENTIFIER = "com.hamed.Photo-Editor";
				PRODUCT_NAME = "$(TARGET_NAME)";
				PROVISIONING_PROFILE_SPECIFIER = "";
				SWIFT_OPTIMIZATION_LEVEL = "-Onone";
				SWIFT_VERSION = 4.0;
			};
			name = Debug;
		};
		059EA72D1EACB8790072C0FE /* Release */ = {
			isa = XCBuildConfiguration;
			buildSettings = {
				ASSETCATALOG_COMPILER_APPICON_NAME = AppIcon;
				CLANG_ENABLE_MODULES = YES;
				CODE_SIGN_STYLE = Manual;
				DEVELOPMENT_TEAM = "";
				INFOPLIST_FILE = "Photo Editor/Info.plist";
				IPHONEOS_DEPLOYMENT_TARGET = 9.0;
				LD_RUNPATH_SEARCH_PATHS = "$(inherited) @executable_path/Frameworks";
				PRODUCT_BUNDLE_IDENTIFIER = "com.hamed.Photo-Editor";
				PRODUCT_NAME = "$(TARGET_NAME)";
				PROVISIONING_PROFILE_SPECIFIER = "";
				SWIFT_VERSION = 4.0;
			};
			name = Release;
		};
/* End XCBuildConfiguration section */

/* Begin XCConfigurationList section */
		059EA7141EACB8780072C0FE /* Build configuration list for PBXProject "Photo Editor" */ = {
			isa = XCConfigurationList;
			buildConfigurations = (
				059EA7291EACB8790072C0FE /* Debug */,
				059EA72A1EACB8790072C0FE /* Release */,
			);
			defaultConfigurationIsVisible = 0;
			defaultConfigurationName = Release;
		};
		059EA72B1EACB8790072C0FE /* Build configuration list for PBXNativeTarget "Photo Editor" */ = {
			isa = XCConfigurationList;
			buildConfigurations = (
				059EA72C1EACB8790072C0FE /* Debug */,
				059EA72D1EACB8790072C0FE /* Release */,
			);
			defaultConfigurationIsVisible = 0;
			defaultConfigurationName = Release;
		};
/* End XCConfigurationList section */
	};
	rootObject = 059EA7111EACB8780072C0FE /* Project object */;
}
