// !$*UTF8*$!
{
	archiveVersion = 1;
	classes = {
	};
	objectVersion = 46;
	objects = {

/* Begin PBXBuildFile section */
		8756ED722077A9080038C0E1 /* StickersViewController.xib in Resources */ = {isa = PBXBuildFile; fileRef = 8756ED3E2077A9080038C0E1 /* StickersViewController.xib */; };
		8756ED732077A9080038C0E1 /* ColorCollectionViewCell.xib in Resources */ = {isa = PBXBuildFile; fileRef = 8756ED3F2077A9080038C0E1 /* ColorCollectionViewCell.xib */; };
		8756ED742077A9080038C0E1 /* EmojiCollectionViewCell.xib in Resources */ = {isa = PBXBuildFile; fileRef = 8756ED402077A9080038C0E1 /* EmojiCollectionViewCell.xib */; };
		8756ED752077A9080038C0E1 /* StickerCollectionViewCell.xib in Resources */ = {isa = PBXBuildFile; fileRef = 8756ED412077A9080038C0E1 /* StickerCollectionViewCell.xib */; };
		8756ED762077A9080038C0E1 /* StickersViewController.swift in Sources */ = {isa = PBXBuildFile; fileRef = 8756ED432077A9080038C0E1 /* StickersViewController.swift */; };
		8756ED772077A9080038C0E1 /* StickerCollectionViewCell.swift in Sources */ = {isa = PBXBuildFile; fileRef = 8756ED442077A9080038C0E1 /* StickerCollectionViewCell.swift */; };
		8756ED782077A9080038C0E1 /* icomoon.ttf in Resources */ = {isa = PBXBuildFile; fileRef = 8756ED462077A9080038C0E1 /* icomoon.ttf */; };
		8756ED792077A9080038C0E1 /* PhotoCropEditorBorder@2x.png in Resources */ = {isa = PBXBuildFile; fileRef = 8756ED472077A9080038C0E1 /* PhotoCropEditorBorder@2x.png */; };
		8756ED7A2077A9080038C0E1 /* PhotoCropEditorBorder@3x.png in Resources */ = {isa = PBXBuildFile; fileRef = 8756ED482077A9080038C0E1 /* PhotoCropEditorBorder@3x.png */; };
		8756ED7B2077A9080038C0E1 /* PhotoCropEditorBorder.png in Resources */ = {isa = PBXBuildFile; fileRef = 8756ED492077A9080038C0E1 /* PhotoCropEditorBorder.png */; };
		8756ED7C2077A9080038C0E1 /* CropView.swift in Sources */ = {isa = PBXBuildFile; fileRef = 8756ED4B2077A9080038C0E1 /* CropView.swift */; };
		8756ED7D2077A9080038C0E1 /* CropViewController.swift in Sources */ = {isa = PBXBuildFile; fileRef = 8756ED4C2077A9080038C0E1 /* CropViewController.swift */; };
		8756ED7E2077A9080038C0E1 /* CropRectView.swift in Sources */ = {isa = PBXBuildFile; fileRef = 8756ED4D2077A9080038C0E1 /* CropRectView.swift */; };
		8756ED7F2077A9080038C0E1 /* EmojiCollectionViewCell.swift in Sources */ = {isa = PBXBuildFile; fileRef = 8756ED4F2077A9080038C0E1 /* EmojiCollectionViewCell.swift */; };
		8756ED802077A9080038C0E1 /* EmojisCollectionViewDelegate.swift in Sources */ = {isa = PBXBuildFile; fileRef = 8756ED502077A9080038C0E1 /* EmojisCollectionViewDelegate.swift */; };
		8756ED812077A9080038C0E1 /* Gif2Mp4.swift in Sources */ = {isa = PBXBuildFile; fileRef = 8756ED522077A9080038C0E1 /* Gif2Mp4.swift */; };
		8756ED822077A9080038C0E1 /* VideoExporter.swift in Sources */ = {isa = PBXBuildFile; fileRef = 8756ED532077A9080038C0E1 /* VideoExporter.swift */; };
		8756ED832077A9080038C0E1 /* ImageUtil.swift in Sources */ = {isa = PBXBuildFile; fileRef = 8756ED542077A9080038C0E1 /* ImageUtil.swift */; };
		8756ED842077A9080038C0E1 /* ResizeControl.swift in Sources */ = {isa = PBXBuildFile; fileRef = 8756ED552077A9080038C0E1 /* ResizeControl.swift */; };
		8756ED852077A9080038C0E1 /* GifExporter.swift in Sources */ = {isa = PBXBuildFile; fileRef = 8756ED562077A9080038C0E1 /* GifExporter.swift */; };
		8756ED862077A9080038C0E1 /* UIImageView+Alpha.swift in Sources */ = {isa = PBXBuildFile; fileRef = 8756ED582077A9080038C0E1 /* UIImageView+Alpha.swift */; };
		8756ED872077A9080038C0E1 /* UIView+Image.swift in Sources */ = {isa = PBXBuildFile; fileRef = 8756ED592077A9080038C0E1 /* UIView+Image.swift */; };
		8756ED882077A9080038C0E1 /* UIImage+Size.swift in Sources */ = {isa = PBXBuildFile; fileRef = 8756ED5A2077A9080038C0E1 /* UIImage+Size.swift */; };
		8756ED892077A9080038C0E1 /* UIImage+Crop.swift in Sources */ = {isa = PBXBuildFile; fileRef = 8756ED5B2077A9080038C0E1 /* UIImage+Crop.swift */; };
		8756ED8A2077A9080038C0E1 /* ColorsCollectionViewDelegate.swift in Sources */ = {isa = PBXBuildFile; fileRef = 8756ED5D2077A9080038C0E1 /* ColorsCollectionViewDelegate.swift */; };
		8756ED8B2077A9080038C0E1 /* ColorCollectionViewCell.swift in Sources */ = {isa = PBXBuildFile; fileRef = 8756ED5E2077A9080038C0E1 /* ColorCollectionViewCell.swift */; };
		8756ED8C2077A9080038C0E1 /* GradientView.swift in Sources */ = {isa = PBXBuildFile; fileRef = 8756ED5F2077A9080038C0E1 /* GradientView.swift */; };
		8756ED8D2077A9080038C0E1 /* PhotoEditorViewController.xib in Resources */ = {isa = PBXBuildFile; fileRef = 8756ED612077A9080038C0E1 /* PhotoEditorViewController.xib */; };
		8756ED8E2077A9080038C0E1 /* Protocols.swift in Sources */ = {isa = PBXBuildFile; fileRef = 8756ED622077A9080038C0E1 /* Protocols.swift */; };
		8756ED8F2077A9080038C0E1 /* PhotoEditorViewModel.swift in Sources */ = {isa = PBXBuildFile; fileRef = 8756ED632077A9080038C0E1 /* PhotoEditorViewModel.swift */; };
		8756ED902077A9080038C0E1 /* PhotoEditorViewController.swift in Sources */ = {isa = PBXBuildFile; fileRef = 8756ED642077A9080038C0E1 /* PhotoEditorViewController.swift */; };
		8756ED912077A9080038C0E1 /* PhotoEditor+Keyboard.swift in Sources */ = {isa = PBXBuildFile; fileRef = 8756ED662077A9080038C0E1 /* PhotoEditor+Keyboard.swift */; };
		8756ED922077A9080038C0E1 /* PhotoEditor+Controls.swift in Sources */ = {isa = PBXBuildFile; fileRef = 8756ED672077A9080038C0E1 /* PhotoEditor+Controls.swift */; };
		8756ED932077A9080038C0E1 /* PhotoEditor+StickersViewController.swift in Sources */ = {isa = PBXBuildFile; fileRef = 8756ED682077A9080038C0E1 /* PhotoEditor+StickersViewController.swift */; };
		8756ED942077A9080038C0E1 /* PhotoEditor+UITextView.swift in Sources */ = {isa = PBXBuildFile; fileRef = 8756ED692077A9080038C0E1 /* PhotoEditor+UITextView.swift */; };
		8756ED952077A9080038C0E1 /* PhotoEditor+Font.swift in Sources */ = {isa = PBXBuildFile; fileRef = 8756ED6A2077A9080038C0E1 /* PhotoEditor+Font.swift */; };
		8756ED962077A9080038C0E1 /* PhotoEditor+Drawing.swift in Sources */ = {isa = PBXBuildFile; fileRef = 8756ED6B2077A9080038C0E1 /* PhotoEditor+Drawing.swift */; };
		8756ED972077A9080038C0E1 /* PhotoEditor+Gestures.swift in Sources */ = {isa = PBXBuildFile; fileRef = 8756ED6C2077A9080038C0E1 /* PhotoEditor+Gestures.swift */; };
		8756ED982077A9080038C0E1 /* PhotoEditor+Crop.swift in Sources */ = {isa = PBXBuildFile; fileRef = 8756ED6D2077A9080038C0E1 /* PhotoEditor+Crop.swift */; };
		8756ED992077A9080038C0E1 /* GifCollectionViewDelegate.swift in Sources */ = {isa = PBXBuildFile; fileRef = 8756ED6F2077A9080038C0E1 /* GifCollectionViewDelegate.swift */; };
		8756ED9A2077A9080038C0E1 /* GifCollectionViewCell.swift in Sources */ = {isa = PBXBuildFile; fileRef = 8756ED702077A9080038C0E1 /* GifCollectionViewCell.swift */; };
		8756ED9B2077A9080038C0E1 /* GifCollectionViewCell.xib in Resources */ = {isa = PBXBuildFile; fileRef = 8756ED712077A9080038C0E1 /* GifCollectionViewCell.xib */; };
/* End PBXBuildFile section */

/* Begin PBXFileReference section */
		059EA7191EACB8790072C0FE /* Photo Editor.app */ = {isa = PBXFileReference; explicitFileType = wrapper.application; includeInIndex = 0; path = "Photo Editor.app"; sourceTree = BUILT_PRODUCTS_DIR; };
		8756ED3E2077A9080038C0E1 /* StickersViewController.xib */ = {isa = PBXFileReference; fileEncoding = 4; lastKnownFileType = file.xib; path = StickersViewController.xib; sourceTree = "<group>"; };
		8756ED3F2077A9080038C0E1 /* ColorCollectionViewCell.xib */ = {isa = PBXFileReference; fileEncoding = 4; lastKnownFileType = file.xib; path = ColorCollectionViewCell.xib; sourceTree = "<group>"; };
		8756ED402077A9080038C0E1 /* EmojiCollectionViewCell.xib */ = {isa = PBXFileReference; fileEncoding = 4; lastKnownFileType = file.xib; path = EmojiCollectionViewCell.xib; sourceTree = "<group>"; };
		8756ED412077A9080038C0E1 /* StickerCollectionViewCell.xib */ = {isa = PBXFileReference; fileEncoding = 4; lastKnownFileType = file.xib; path = StickerCollectionViewCell.xib; sourceTree = "<group>"; };
		8756ED432077A9080038C0E1 /* StickersViewController.swift */ = {isa = PBXFileReference; fileEncoding = 4; lastKnownFileType = sourcecode.swift; path = StickersViewController.swift; sourceTree = "<group>"; };
		8756ED442077A9080038C0E1 /* StickerCollectionViewCell.swift */ = {isa = PBXFileReference; fileEncoding = 4; lastKnownFileType = sourcecode.swift; path = StickerCollectionViewCell.swift; sourceTree = "<group>"; };
		8756ED462077A9080038C0E1 /* icomoon.ttf */ = {isa = PBXFileReference; lastKnownFileType = file; path = icomoon.ttf; sourceTree = "<group>"; };
		8756ED472077A9080038C0E1 /* PhotoCropEditorBorder@2x.png */ = {isa = PBXFileReference; lastKnownFileType = image.png; path = "PhotoCropEditorBorder@2x.png"; sourceTree = "<group>"; };
		8756ED482077A9080038C0E1 /* PhotoCropEditorBorder@3x.png */ = {isa = PBXFileReference; lastKnownFileType = image.png; path = "PhotoCropEditorBorder@3x.png"; sourceTree = "<group>"; };
		8756ED492077A9080038C0E1 /* PhotoCropEditorBorder.png */ = {isa = PBXFileReference; lastKnownFileType = image.png; path = PhotoCropEditorBorder.png; sourceTree = "<group>"; };
		8756ED4B2077A9080038C0E1 /* CropView.swift */ = {isa = PBXFileReference; fileEncoding = 4; lastKnownFileType = sourcecode.swift; path = CropView.swift; sourceTree = "<group>"; };
		8756ED4C2077A9080038C0E1 /* CropViewController.swift */ = {isa = PBXFileReference; fileEncoding = 4; lastKnownFileType = sourcecode.swift; path = CropViewController.swift; sourceTree = "<group>"; };
		8756ED4D2077A9080038C0E1 /* CropRectView.swift */ = {isa = PBXFileReference; fileEncoding = 4; lastKnownFileType = sourcecode.swift; path = CropRectView.swift; sourceTree = "<group>"; };
		8756ED4F2077A9080038C0E1 /* EmojiCollectionViewCell.swift */ = {isa = PBXFileReference; fileEncoding = 4; lastKnownFileType = sourcecode.swift; path = EmojiCollectionViewCell.swift; sourceTree = "<group>"; };
		8756ED502077A9080038C0E1 /* EmojisCollectionViewDelegate.swift */ = {isa = PBXFileReference; fileEncoding = 4; lastKnownFileType = sourcecode.swift; path = EmojisCollectionViewDelegate.swift; sourceTree = "<group>"; };
		8756ED522077A9080038C0E1 /* Gif2Mp4.swift */ = {isa = PBXFileReference; fileEncoding = 4; lastKnownFileType = sourcecode.swift; path = Gif2Mp4.swift; sourceTree = "<group>"; };
		8756ED532077A9080038C0E1 /* VideoExporter.swift */ = {isa = PBXFileReference; fileEncoding = 4; lastKnownFileType = sourcecode.swift; path = VideoExporter.swift; sourceTree = "<group>"; };
		8756ED542077A9080038C0E1 /* ImageUtil.swift */ = {isa = PBXFileReference; fileEncoding = 4; lastKnownFileType = sourcecode.swift; path = ImageUtil.swift; sourceTree = "<group>"; };
		8756ED552077A9080038C0E1 /* ResizeControl.swift */ = {isa = PBXFileReference; fileEncoding = 4; lastKnownFileType = sourcecode.swift; path = ResizeControl.swift; sourceTree = "<group>"; };
		8756ED562077A9080038C0E1 /* GifExporter.swift */ = {isa = PBXFileReference; fileEncoding = 4; lastKnownFileType = sourcecode.swift; path = GifExporter.swift; sourceTree = "<group>"; };
		8756ED582077A9080038C0E1 /* UIImageView+Alpha.swift */ = {isa = PBXFileReference; fileEncoding = 4; lastKnownFileType = sourcecode.swift; path = "UIImageView+Alpha.swift"; sourceTree = "<group>"; };
		8756ED592077A9080038C0E1 /* UIView+Image.swift */ = {isa = PBXFileReference; fileEncoding = 4; lastKnownFileType = sourcecode.swift; path = "UIView+Image.swift"; sourceTree = "<group>"; };
		8756ED5A2077A9080038C0E1 /* UIImage+Size.swift */ = {isa = PBXFileReference; fileEncoding = 4; lastKnownFileType = sourcecode.swift; path = "UIImage+Size.swift"; sourceTree = "<group>"; };
		8756ED5B2077A9080038C0E1 /* UIImage+Crop.swift */ = {isa = PBXFileReference; fileEncoding = 4; lastKnownFileType = sourcecode.swift; path = "UIImage+Crop.swift"; sourceTree = "<group>"; };
		8756ED5D2077A9080038C0E1 /* ColorsCollectionViewDelegate.swift */ = {isa = PBXFileReference; fileEncoding = 4; lastKnownFileType = sourcecode.swift; path = ColorsCollectionViewDelegate.swift; sourceTree = "<group>"; };
		8756ED5E2077A9080038C0E1 /* ColorCollectionViewCell.swift */ = {isa = PBXFileReference; fileEncoding = 4; lastKnownFileType = sourcecode.swift; path = ColorCollectionViewCell.swift; sourceTree = "<group>"; };
		8756ED5F2077A9080038C0E1 /* GradientView.swift */ = {isa = PBXFileReference; fileEncoding = 4; lastKnownFileType = sourcecode.swift; path = GradientView.swift; sourceTree = "<group>"; };
		8756ED612077A9080038C0E1 /* PhotoEditorViewController.xib */ = {isa = PBXFileReference; fileEncoding = 4; lastKnownFileType = file.xib; path = PhotoEditorViewController.xib; sourceTree = "<group>"; };
		8756ED622077A9080038C0E1 /* Protocols.swift */ = {isa = PBXFileReference; fileEncoding = 4; lastKnownFileType = sourcecode.swift; path = Protocols.swift; sourceTree = "<group>"; };
		8756ED632077A9080038C0E1 /* PhotoEditorViewModel.swift */ = {isa = PBXFileReference; fileEncoding = 4; lastKnownFileType = sourcecode.swift; path = PhotoEditorViewModel.swift; sourceTree = "<group>"; };
		8756ED642077A9080038C0E1 /* PhotoEditorViewController.swift */ = {isa = PBXFileReference; fileEncoding = 4; lastKnownFileType = sourcecode.swift; path = PhotoEditorViewController.swift; sourceTree = "<group>"; };
		8756ED662077A9080038C0E1 /* PhotoEditor+Keyboard.swift */ = {isa = PBXFileReference; fileEncoding = 4; lastKnownFileType = sourcecode.swift; path = "PhotoEditor+Keyboard.swift"; sourceTree = "<group>"; };
		8756ED672077A9080038C0E1 /* PhotoEditor+Controls.swift */ = {isa = PBXFileReference; fileEncoding = 4; lastKnownFileType = sourcecode.swift; path = "PhotoEditor+Controls.swift"; sourceTree = "<group>"; };
		8756ED682077A9080038C0E1 /* PhotoEditor+StickersViewController.swift */ = {isa = PBXFileReference; fileEncoding = 4; lastKnownFileType = sourcecode.swift; path = "PhotoEditor+StickersViewController.swift"; sourceTree = "<group>"; };
		8756ED692077A9080038C0E1 /* PhotoEditor+UITextView.swift */ = {isa = PBXFileReference; fileEncoding = 4; lastKnownFileType = sourcecode.swift; path = "PhotoEditor+UITextView.swift"; sourceTree = "<group>"; };
		8756ED6A2077A9080038C0E1 /* PhotoEditor+Font.swift */ = {isa = PBXFileReference; fileEncoding = 4; lastKnownFileType = sourcecode.swift; path = "PhotoEditor+Font.swift"; sourceTree = "<group>"; };
		8756ED6B2077A9080038C0E1 /* PhotoEditor+Drawing.swift */ = {isa = PBXFileReference; fileEncoding = 4; lastKnownFileType = sourcecode.swift; path = "PhotoEditor+Drawing.swift"; sourceTree = "<group>"; };
		8756ED6C2077A9080038C0E1 /* PhotoEditor+Gestures.swift */ = {isa = PBXFileReference; fileEncoding = 4; lastKnownFileType = sourcecode.swift; path = "PhotoEditor+Gestures.swift"; sourceTree = "<group>"; };
		8756ED6D2077A9080038C0E1 /* PhotoEditor+Crop.swift */ = {isa = PBXFileReference; fileEncoding = 4; lastKnownFileType = sourcecode.swift; path = "PhotoEditor+Crop.swift"; sourceTree = "<group>"; };
		8756ED6F2077A9080038C0E1 /* GifCollectionViewDelegate.swift */ = {isa = PBXFileReference; fileEncoding = 4; lastKnownFileType = sourcecode.swift; path = GifCollectionViewDelegate.swift; sourceTree = "<group>"; };
		8756ED702077A9080038C0E1 /* GifCollectionViewCell.swift */ = {isa = PBXFileReference; fileEncoding = 4; lastKnownFileType = sourcecode.swift; path = GifCollectionViewCell.swift; sourceTree = "<group>"; };
		8756ED712077A9080038C0E1 /* GifCollectionViewCell.xib */ = {isa = PBXFileReference; fileEncoding = 4; lastKnownFileType = file.xib; path = GifCollectionViewCell.xib; sourceTree = "<group>"; };
/* End PBXFileReference section */

/* Begin PBXFrameworksBuildPhase section */
		059EA7161EACB8790072C0FE /* Frameworks */ = {
			isa = PBXFrameworksBuildPhase;
			buildActionMask = 2147483647;
			files = (
			);
			runOnlyForDeploymentPostprocessing = 0;
		};
/* End PBXFrameworksBuildPhase section */

/* Begin PBXGroup section */
		059EA7101EACB8780072C0FE = {
			isa = PBXGroup;
			children = (
				8756ED3C2077A9080038C0E1 /* PhotoEditor */,
				059EA71A1EACB8790072C0FE /* Products */,
			);
			sourceTree = "<group>";
		};
		059EA71A1EACB8790072C0FE /* Products */ = {
			isa = PBXGroup;
			children = (
				059EA7191EACB8790072C0FE /* Photo Editor.app */,
			);
			name = Products;
			sourceTree = "<group>";
		};
		8756ED3C2077A9080038C0E1 /* PhotoEditor */ = {
			isa = PBXGroup;
			children = (
				8756ED3D2077A9080038C0E1 /* Xibs */,
				8756ED422077A9080038C0E1 /* Stickers */,
				8756ED452077A9080038C0E1 /* Resources */,
				8756ED4A2077A9080038C0E1 /* Crop */,
				8756ED4E2077A9080038C0E1 /* Emoji */,
				8756ED512077A9080038C0E1 /* Utils */,
				8756ED572077A9080038C0E1 /* Extensions */,
				8756ED5C2077A9080038C0E1 /* Colors */,
				8756ED602077A9080038C0E1 /* PhotoEditor */,
				8756ED6E2077A9080038C0E1 /* Gif */,
			);
			path = PhotoEditor;
			sourceTree = "<group>";
		};
		8756ED3D2077A9080038C0E1 /* Xibs */ = {
			isa = PBXGroup;
			children = (
				8756ED3E2077A9080038C0E1 /* StickersViewController.xib */,
				8756ED3F2077A9080038C0E1 /* ColorCollectionViewCell.xib */,
				8756ED402077A9080038C0E1 /* EmojiCollectionViewCell.xib */,
				8756ED412077A9080038C0E1 /* StickerCollectionViewCell.xib */,
			);
			path = Xibs;
			sourceTree = "<group>";
		};
		8756ED422077A9080038C0E1 /* Stickers */ = {
			isa = PBXGroup;
			children = (
				8756ED432077A9080038C0E1 /* StickersViewController.swift */,
				8756ED442077A9080038C0E1 /* StickerCollectionViewCell.swift */,
			);
			path = Stickers;
			sourceTree = "<group>";
		};
		8756ED452077A9080038C0E1 /* Resources */ = {
			isa = PBXGroup;
			children = (
				8756ED462077A9080038C0E1 /* icomoon.ttf */,
				8756ED472077A9080038C0E1 /* PhotoCropEditorBorder@2x.png */,
				8756ED482077A9080038C0E1 /* PhotoCropEditorBorder@3x.png */,
				8756ED492077A9080038C0E1 /* PhotoCropEditorBorder.png */,
			);
			path = Resources;
			sourceTree = "<group>";
		};
		8756ED4A2077A9080038C0E1 /* Crop */ = {
			isa = PBXGroup;
			children = (
				8756ED4B2077A9080038C0E1 /* CropView.swift */,
				8756ED4C2077A9080038C0E1 /* CropViewController.swift */,
				8756ED4D2077A9080038C0E1 /* CropRectView.swift */,
			);
			path = Crop;
			sourceTree = "<group>";
		};
		8756ED4E2077A9080038C0E1 /* Emoji */ = {
			isa = PBXGroup;
			children = (
				8756ED4F2077A9080038C0E1 /* EmojiCollectionViewCell.swift */,
				8756ED502077A9080038C0E1 /* EmojisCollectionViewDelegate.swift */,
			);
			path = Emoji;
			sourceTree = "<group>";
		};
		8756ED512077A9080038C0E1 /* Utils */ = {
			isa = PBXGroup;
			children = (
				8756ED522077A9080038C0E1 /* Gif2Mp4.swift */,
				8756ED532077A9080038C0E1 /* VideoExporter.swift */,
				8756ED542077A9080038C0E1 /* ImageUtil.swift */,
				8756ED552077A9080038C0E1 /* ResizeControl.swift */,
				8756ED562077A9080038C0E1 /* GifExporter.swift */,
			);
			path = Utils;
			sourceTree = "<group>";
		};
		8756ED572077A9080038C0E1 /* Extensions */ = {
			isa = PBXGroup;
			children = (
				8756ED582077A9080038C0E1 /* UIImageView+Alpha.swift */,
				8756ED592077A9080038C0E1 /* UIView+Image.swift */,
				8756ED5A2077A9080038C0E1 /* UIImage+Size.swift */,
				8756ED5B2077A9080038C0E1 /* UIImage+Crop.swift */,
			);
			path = Extensions;
			sourceTree = "<group>";
		};
		8756ED5C2077A9080038C0E1 /* Colors */ = {
			isa = PBXGroup;
			children = (
				8756ED5D2077A9080038C0E1 /* ColorsCollectionViewDelegate.swift */,
				8756ED5E2077A9080038C0E1 /* ColorCollectionViewCell.swift */,
				8756ED5F2077A9080038C0E1 /* GradientView.swift */,
			);
			path = Colors;
			sourceTree = "<group>";
		};
		8756ED602077A9080038C0E1 /* PhotoEditor */ = {
			isa = PBXGroup;
			children = (
				8756ED612077A9080038C0E1 /* PhotoEditorViewController.xib */,
				8756ED622077A9080038C0E1 /* Protocols.swift */,
				8756ED632077A9080038C0E1 /* PhotoEditorViewModel.swift */,
				8756ED642077A9080038C0E1 /* PhotoEditorViewController.swift */,
				8756ED652077A9080038C0E1 /* PhotoEditor+Extensions */,
			);
			path = PhotoEditor;
			sourceTree = "<group>";
		};
		8756ED652077A9080038C0E1 /* PhotoEditor+Extensions */ = {
			isa = PBXGroup;
			children = (
				8756ED662077A9080038C0E1 /* PhotoEditor+Keyboard.swift */,
				8756ED672077A9080038C0E1 /* PhotoEditor+Controls.swift */,
				8756ED682077A9080038C0E1 /* PhotoEditor+StickersViewController.swift */,
				8756ED692077A9080038C0E1 /* PhotoEditor+UITextView.swift */,
				8756ED6A2077A9080038C0E1 /* PhotoEditor+Font.swift */,
				8756ED6B2077A9080038C0E1 /* PhotoEditor+Drawing.swift */,
				8756ED6C2077A9080038C0E1 /* PhotoEditor+Gestures.swift */,
				8756ED6D2077A9080038C0E1 /* PhotoEditor+Crop.swift */,
			);
			path = "PhotoEditor+Extensions";
			sourceTree = "<group>";
		};
		8756ED6E2077A9080038C0E1 /* Gif */ = {
			isa = PBXGroup;
			children = (
				8756ED6F2077A9080038C0E1 /* GifCollectionViewDelegate.swift */,
				8756ED702077A9080038C0E1 /* GifCollectionViewCell.swift */,
				8756ED712077A9080038C0E1 /* GifCollectionViewCell.xib */,
			);
			path = Gif;
			sourceTree = "<group>";
		};
/* End PBXGroup section */

/* Begin PBXNativeTarget section */
		059EA7181EACB8790072C0FE /* Photo Editor */ = {
			isa = PBXNativeTarget;
			buildConfigurationList = 059EA72B1EACB8790072C0FE /* Build configuration list for PBXNativeTarget "Photo Editor" */;
			buildPhases = (
				059EA7151EACB8790072C0FE /* Sources */,
				059EA7161EACB8790072C0FE /* Frameworks */,
				059EA7171EACB8790072C0FE /* Resources */,
			);
			buildRules = (
			);
			dependencies = (
			);
			name = "Photo Editor";
			productName = "Photo Editor";
			productReference = 059EA7191EACB8790072C0FE /* Photo Editor.app */;
			productType = "com.apple.product-type.application";
		};
/* End PBXNativeTarget section */

/* Begin PBXProject section */
		059EA7111EACB8780072C0FE /* Project object */ = {
			isa = PBXProject;
			attributes = {
				LastSwiftUpdateCheck = 0830;
				LastUpgradeCheck = 0830;
				ORGANIZATIONNAME = "Mohamed Hamed";
				TargetAttributes = {
					059EA7181EACB8790072C0FE = {
						CreatedOnToolsVersion = 8.3;
						ProvisioningStyle = Manual;
					};
				};
			};
			buildConfigurationList = 059EA7141EACB8780072C0FE /* Build configuration list for PBXProject "Photo Editor" */;
			compatibilityVersion = "Xcode 3.2";
			developmentRegion = English;
			hasScannedForEncodings = 0;
			knownRegions = (
				en,
				Base,
			);
			mainGroup = 059EA7101EACB8780072C0FE;
			productRefGroup = 059EA71A1EACB8790072C0FE /* Products */;
			projectDirPath = "";
			projectRoot = "";
			targets = (
				059EA7181EACB8790072C0FE /* Photo Editor */,
			);
		};
/* End PBXProject section */

/* Begin PBXResourcesBuildPhase section */
		059EA7171EACB8790072C0FE /* Resources */ = {
			isa = PBXResourcesBuildPhase;
			buildActionMask = 2147483647;
			files = (
				8756ED792077A9080038C0E1 /* PhotoCropEditorBorder@2x.png in Resources */,
				8756ED782077A9080038C0E1 /* icomoon.ttf in Resources */,
				8756ED8D2077A9080038C0E1 /* PhotoEditorViewController.xib in Resources */,
				8756ED742077A9080038C0E1 /* EmojiCollectionViewCell.xib in Resources */,
				8756ED732077A9080038C0E1 /* ColorCollectionViewCell.xib in Resources */,
				8756ED752077A9080038C0E1 /* StickerCollectionViewCell.xib in Resources */,
				8756ED722077A9080038C0E1 /* StickersViewController.xib in Resources */,
				8756ED7A2077A9080038C0E1 /* PhotoCropEditorBorder@3x.png in Resources */,
				8756ED7B2077A9080038C0E1 /* PhotoCropEditorBorder.png in Resources */,
				8756ED9B2077A9080038C0E1 /* GifCollectionViewCell.xib in Resources */,
			);
			runOnlyForDeploymentPostprocessing = 0;
		};
/* End PBXResourcesBuildPhase section */

/* Begin PBXSourcesBuildPhase section */
		059EA7151EACB8790072C0FE /* Sources */ = {
			isa = PBXSourcesBuildPhase;
			buildActionMask = 2147483647;
			files = (
				8756ED8C2077A9080038C0E1 /* GradientView.swift in Sources */,
				8756ED932077A9080038C0E1 /* PhotoEditor+StickersViewController.swift in Sources */,
				8756ED772077A9080038C0E1 /* StickerCollectionViewCell.swift in Sources */,
				8756ED982077A9080038C0E1 /* PhotoEditor+Crop.swift in Sources */,
				8756ED842077A9080038C0E1 /* ResizeControl.swift in Sources */,
				8756ED972077A9080038C0E1 /* PhotoEditor+Gestures.swift in Sources */,
				8756ED812077A9080038C0E1 /* Gif2Mp4.swift in Sources */,
				8756ED992077A9080038C0E1 /* GifCollectionViewDelegate.swift in Sources */,
				8756ED942077A9080038C0E1 /* PhotoEditor+UITextView.swift in Sources */,
				8756ED952077A9080038C0E1 /* PhotoEditor+Font.swift in Sources */,
				8756ED7F2077A9080038C0E1 /* EmojiCollectionViewCell.swift in Sources */,
				8756ED912077A9080038C0E1 /* PhotoEditor+Keyboard.swift in Sources */,
				8756ED762077A9080038C0E1 /* StickersViewController.swift in Sources */,
				8756ED802077A9080038C0E1 /* EmojisCollectionViewDelegate.swift in Sources */,
				8756ED8B2077A9080038C0E1 /* ColorCollectionViewCell.swift in Sources */,
				8756ED882077A9080038C0E1 /* UIImage+Size.swift in Sources */,
				8756ED822077A9080038C0E1 /* VideoExporter.swift in Sources */,
				8756ED852077A9080038C0E1 /* GifExporter.swift in Sources */,
				8756ED862077A9080038C0E1 /* UIImageView+Alpha.swift in Sources */,
				8756ED9A2077A9080038C0E1 /* GifCollectionViewCell.swift in Sources */,
				8756ED7D2077A9080038C0E1 /* CropViewController.swift in Sources */,
				8756ED872077A9080038C0E1 /* UIView+Image.swift in Sources */,
				8756ED7E2077A9080038C0E1 /* CropRectView.swift in Sources */,
				8756ED8E2077A9080038C0E1 /* Protocols.swift in Sources */,
				8756ED962077A9080038C0E1 /* PhotoEditor+Drawing.swift in Sources */,
				8756ED892077A9080038C0E1 /* UIImage+Crop.swift in Sources */,
				8756ED8A2077A9080038C0E1 /* ColorsCollectionViewDelegate.swift in Sources */,
				8756ED902077A9080038C0E1 /* PhotoEditorViewController.swift in Sources */,
				8756ED7C2077A9080038C0E1 /* CropView.swift in Sources */,
				8756ED922077A9080038C0E1 /* PhotoEditor+Controls.swift in Sources */,
				8756ED8F2077A9080038C0E1 /* PhotoEditorViewModel.swift in Sources */,
				8756ED832077A9080038C0E1 /* ImageUtil.swift in Sources */,
			);
			runOnlyForDeploymentPostprocessing = 0;
		};
/* End PBXSourcesBuildPhase section */

/* Begin XCBuildConfiguration section */
		059EA7291EACB8790072C0FE /* Debug */ = {
			isa = XCBuildConfiguration;
			buildSettings = {
				ALWAYS_SEARCH_USER_PATHS = NO;
				CLANG_ANALYZER_NONNULL = YES;
				CLANG_ANALYZER_NUMBER_OBJECT_CONVERSION = YES_AGGRESSIVE;
				CLANG_CXX_LANGUAGE_STANDARD = "gnu++0x";
				CLANG_CXX_LIBRARY = "libc++";
				CLANG_ENABLE_MODULES = YES;
				CLANG_ENABLE_OBJC_ARC = YES;
				CLANG_WARN_BOOL_CONVERSION = YES;
				CLANG_WARN_CONSTANT_CONVERSION = YES;
				CLANG_WARN_DIRECT_OBJC_ISA_USAGE = YES_ERROR;
				CLANG_WARN_DOCUMENTATION_COMMENTS = YES;
				CLANG_WARN_EMPTY_BODY = YES;
				CLANG_WARN_ENUM_CONVERSION = YES;
				CLANG_WARN_INFINITE_RECURSION = YES;
				CLANG_WARN_INT_CONVERSION = YES;
				CLANG_WARN_OBJC_ROOT_CLASS = YES_ERROR;
				CLANG_WARN_SUSPICIOUS_MOVE = YES;
				CLANG_WARN_UNREACHABLE_CODE = YES;
				CLANG_WARN__DUPLICATE_METHOD_MATCH = YES;
				"CODE_SIGN_IDENTITY[sdk=iphoneos*]" = "iPhone Developer";
				COPY_PHASE_STRIP = NO;
				DEBUG_INFORMATION_FORMAT = dwarf;
				ENABLE_STRICT_OBJC_MSGSEND = YES;
				ENABLE_TESTABILITY = YES;
				GCC_C_LANGUAGE_STANDARD = gnu99;
				GCC_DYNAMIC_NO_PIC = NO;
				GCC_NO_COMMON_BLOCKS = YES;
				GCC_OPTIMIZATION_LEVEL = 0;
				GCC_PREPROCESSOR_DEFINITIONS = (
					"DEBUG=1",
					"$(inherited)",
				);
				GCC_WARN_64_TO_32_BIT_CONVERSION = YES;
				GCC_WARN_ABOUT_RETURN_TYPE = YES_ERROR;
				GCC_WARN_UNDECLARED_SELECTOR = YES;
				GCC_WARN_UNINITIALIZED_AUTOS = YES_AGGRESSIVE;
				GCC_WARN_UNUSED_FUNCTION = YES;
				GCC_WARN_UNUSED_VARIABLE = YES;
				IPHONEOS_DEPLOYMENT_TARGET = 10.3;
				MTL_ENABLE_DEBUG_INFO = YES;
				ONLY_ACTIVE_ARCH = YES;
				SDKROOT = iphoneos;
				SWIFT_ACTIVE_COMPILATION_CONDITIONS = DEBUG;
				SWIFT_OPTIMIZATION_LEVEL = "-Onone";
				SWIFT_VERSION = 4.0;
			};
			name = Debug;
		};
		059EA72A1EACB8790072C0FE /* Release */ = {
			isa = XCBuildConfiguration;
			buildSettings = {
				ALWAYS_SEARCH_USER_PATHS = NO;
				CLANG_ANALYZER_NONNULL = YES;
				CLANG_ANALYZER_NUMBER_OBJECT_CONVERSION = YES_AGGRESSIVE;
				CLANG_CXX_LANGUAGE_STANDARD = "gnu++0x";
				CLANG_CXX_LIBRARY = "libc++";
				CLANG_ENABLE_MODULES = YES;
				CLANG_ENABLE_OBJC_ARC = YES;
				CLANG_WARN_BOOL_CONVERSION = YES;
				CLANG_WARN_CONSTANT_CONVERSION = YES;
				CLANG_WARN_DIRECT_OBJC_ISA_USAGE = YES_ERROR;
				CLANG_WARN_DOCUMENTATION_COMMENTS = YES;
				CLANG_WARN_EMPTY_BODY = YES;
				CLANG_WARN_ENUM_CONVERSION = YES;
				CLANG_WARN_INFINITE_RECURSION = YES;
				CLANG_WARN_INT_CONVERSION = YES;
				CLANG_WARN_OBJC_ROOT_CLASS = YES_ERROR;
				CLANG_WARN_SUSPICIOUS_MOVE = YES;
				CLANG_WARN_UNREACHABLE_CODE = YES;
				CLANG_WARN__DUPLICATE_METHOD_MATCH = YES;
				"CODE_SIGN_IDENTITY[sdk=iphoneos*]" = "iPhone Developer";
				COPY_PHASE_STRIP = NO;
				DEBUG_INFORMATION_FORMAT = "dwarf-with-dsym";
				ENABLE_NS_ASSERTIONS = NO;
				ENABLE_STRICT_OBJC_MSGSEND = YES;
				GCC_C_LANGUAGE_STANDARD = gnu99;
				GCC_NO_COMMON_BLOCKS = YES;
				GCC_WARN_64_TO_32_BIT_CONVERSION = YES;
				GCC_WARN_ABOUT_RETURN_TYPE = YES_ERROR;
				GCC_WARN_UNDECLARED_SELECTOR = YES;
				GCC_WARN_UNINITIALIZED_AUTOS = YES_AGGRESSIVE;
				GCC_WARN_UNUSED_FUNCTION = YES;
				GCC_WARN_UNUSED_VARIABLE = YES;
				IPHONEOS_DEPLOYMENT_TARGET = 10.3;
				MTL_ENABLE_DEBUG_INFO = NO;
				SDKROOT = iphoneos;
				SWIFT_OPTIMIZATION_LEVEL = "-Owholemodule";
				SWIFT_VERSION = 4.0;
				VALIDATE_PRODUCT = YES;
			};
			name = Release;
		};
		059EA72C1EACB8790072C0FE /* Debug */ = {
			isa = XCBuildConfiguration;
			buildSettings = {
				ASSETCATALOG_COMPILER_APPICON_NAME = AppIcon;
				CODE_SIGN_STYLE = Manual;
				DEVELOPMENT_TEAM = "";
				INFOPLIST_FILE = "Photo Editor/Info.plist";
				IPHONEOS_DEPLOYMENT_TARGET = 9.0;
				LD_RUNPATH_SEARCH_PATHS = "$(inherited) @executable_path/Frameworks";
				PRODUCT_BUNDLE_IDENTIFIER = "com.hamed.Photo-Editor";
				PRODUCT_NAME = "$(TARGET_NAME)";
				PROVISIONING_PROFILE_SPECIFIER = "";
				SWIFT_VERSION = 4.0;
			};
			name = Debug;
		};
		059EA72D1EACB8790072C0FE /* Release */ = {
			isa = XCBuildConfiguration;
			buildSettings = {
				ASSETCATALOG_COMPILER_APPICON_NAME = AppIcon;
				CODE_SIGN_STYLE = Manual;
				DEVELOPMENT_TEAM = "";
				INFOPLIST_FILE = "Photo Editor/Info.plist";
				IPHONEOS_DEPLOYMENT_TARGET = 9.0;
				LD_RUNPATH_SEARCH_PATHS = "$(inherited) @executable_path/Frameworks";
				PRODUCT_BUNDLE_IDENTIFIER = "com.hamed.Photo-Editor";
				PRODUCT_NAME = "$(TARGET_NAME)";
				PROVISIONING_PROFILE_SPECIFIER = "";
				SWIFT_VERSION = 4.0;
			};
			name = Release;
		};
/* End XCBuildConfiguration section */

/* Begin XCConfigurationList section */
		059EA7141EACB8780072C0FE /* Build configuration list for PBXProject "Photo Editor" */ = {
			isa = XCConfigurationList;
			buildConfigurations = (
				059EA7291EACB8790072C0FE /* Debug */,
				059EA72A1EACB8790072C0FE /* Release */,
			);
			defaultConfigurationIsVisible = 0;
			defaultConfigurationName = Release;
		};
		059EA72B1EACB8790072C0FE /* Build configuration list for PBXNativeTarget "Photo Editor" */ = {
			isa = XCConfigurationList;
			buildConfigurations = (
				059EA72C1EACB8790072C0FE /* Debug */,
				059EA72D1EACB8790072C0FE /* Release */,
			);
			defaultConfigurationIsVisible = 0;
			defaultConfigurationName = Release;
		};
/* End XCConfigurationList section */
	};
	rootObject = 059EA7111EACB8780072C0FE /* Project object */;
}
